PODS:
  - FBSnapshotTestCase (1.4)
  - XYDoughnutChart (0.1.0)

DEPENDENCIES:
  - FBSnapshotTestCase
  - XYDoughnutChart (from `../`)

EXTERNAL SOURCES:
  XYDoughnutChart:
    :path: ../

SPEC CHECKSUMS:
  FBSnapshotTestCase: f9f225b5ba11c8d8c09075590490df16314e4d62
  XYDoughnutChart: cc4ea923ef64427234eb64cbdc99aee614e1de44

COCOAPODS: 0.35.0
